
Microsoft Visual Studio Solution File, Format Version 12.00
# Visual Studio Version 17
VisualStudioVersion = 17.5.33414.496
MinimumVisualStudioVersion = 10.0.40219.1
Project("{FAE04EC0-301F-11D3-BF4B-00C04F79EFBC}") = "coreMvcFundamentals", "coreMvcFundamentals\coreMvcFundamentals.csproj", "{AE2E0998-E6D4-4F68-9D34-211B39C43B8C}"
EndProject
Project("{FAE04EC0-301F-11D3-BF4B-00C04F79EFBC}") = "coreMvcSecurityProject", "coreMvcSecurityProject\coreMvcSecurityProject.csproj", "{ED6E0231-AC47-45BB-A0F9-A52A0553868C}"
EndProject
Global
	GlobalSection(SolutionConfigurationPlatforms) = preSolution
		Debug|Any CPU = Debug|Any CPU
		Release|Any CPU = Release|Any CPU
	EndGlobalSection
	GlobalSection(ProjectConfigurationPlatforms) = postSolution
		{AE2E0998-E6D4-4F68-9D34-211B39C43B8C}.Debug|Any CPU.ActiveCfg = Debug|Any CPU
		{AE2E0998-E6D4-4F68-9D34-211B39C43B8C}.Debug|Any CPU.Build.0 = Debug|Any CPU
		{AE2E0998-E6D4-4F68-9D34-211B39C43B8C}.Release|Any CPU.ActiveCfg = Release|Any CPU
		{AE2E0998-E6D4-4F68-9D34-211B39C43B8C}.Release|Any CPU.Build.0 = Release|Any CPU
		{ED6E0231-AC47-45BB-A0F9-A52A0553868C}.Debug|Any CPU.ActiveCfg = Debug|Any CPU
		{ED6E0231-AC47-45BB-A0F9-A52A0553868C}.Debug|Any CPU.Build.0 = Debug|Any CPU
		{ED6E0231-AC47-45BB-A0F9-A52A0553868C}.Release|Any CPU.ActiveCfg = Release|Any CPU
		{ED6E0231-AC47-45BB-A0F9-A52A0553868C}.Release|Any CPU.Build.0 = Release|Any CPU
	EndGlobalSection
	GlobalSection(SolutionProperties) = preSolution
		HideSolutionNode = FALSE
	EndGlobalSection
	GlobalSection(ExtensibilityGlobals) = postSolution
		SolutionGuid = {FB12240C-2085-45D1-B3F6-6E608E5BED3C}
	EndGlobalSection
EndGlobal
